// !$*UTF8*$!
{
	archiveVersion = 1;
	classes = {
	};
	objectVersion = 46;
	objects = {

/* Begin PBXBuildFile section */
		66FF51B116F3C1D300F6F7EB /* UIKit.framework in Frameworks */ = {isa = PBXBuildFile; fileRef = 66FF51B016F3C1D300F6F7EB /* UIKit.framework */; };
		66FF51B316F3C1D300F6F7EB /* Foundation.framework in Frameworks */ = {isa = PBXBuildFile; fileRef = 66FF51B216F3C1D300F6F7EB /* Foundation.framework */; };
		66FF51B516F3C1D300F6F7EB /* CoreGraphics.framework in Frameworks */ = {isa = PBXBuildFile; fileRef = 66FF51B416F3C1D300F6F7EB /* CoreGraphics.framework */; };
		66FF51BB16F3C1D300F6F7EB /* InfoPlist.strings in Resources */ = {isa = PBXBuildFile; fileRef = 66FF51B916F3C1D300F6F7EB /* InfoPlist.strings */; };
		66FF51BD16F3C1D300F6F7EB /* main.m in Sources */ = {isa = PBXBuildFile; fileRef = 66FF51BC16F3C1D300F6F7EB /* main.m */; };
		66FF51C116F3C1D300F6F7EB /* AppDelegate.m in Sources */ = {isa = PBXBuildFile; fileRef = 66FF51C016F3C1D300F6F7EB /* AppDelegate.m */; };
		66FF51C316F3C1D300F6F7EB /* Default.png in Resources */ = {isa = PBXBuildFile; fileRef = 66FF51C216F3C1D300F6F7EB /* Default.png */; };
		66FF51C516F3C1D300F6F7EB /* Default@2x.png in Resources */ = {isa = PBXBuildFile; fileRef = 66FF51C416F3C1D300F6F7EB /* Default@2x.png */; };
		66FF51C716F3C1D300F6F7EB /* Default-568h@2x.png in Resources */ = {isa = PBXBuildFile; fileRef = 66FF51C616F3C1D300F6F7EB /* Default-568h@2x.png */; };
		66FF51CA16F3C1D300F6F7EB /* MainStoryboard.storyboard in Resources */ = {isa = PBXBuildFile; fileRef = 66FF51C816F3C1D300F6F7EB /* MainStoryboard.storyboard */; };
		66FF51CD16F3C1D300F6F7EB /* MasterViewController.m in Sources */ = {isa = PBXBuildFile; fileRef = 66FF51CC16F3C1D300F6F7EB /* MasterViewController.m */; };
		66FF51D016F3C1D300F6F7EB /* DetailViewController.m in Sources */ = {isa = PBXBuildFile; fileRef = 66FF51CF16F3C1D300F6F7EB /* DetailViewController.m */; };
/* End PBXBuildFile section */

/* Begin PBXFileReference section */
		66FF51AC16F3C1D300F6F7EB /* Cont@ct.app */ = {isa = PBXFileReference; explicitFileType = wrapper.application; includeInIndex = 0; path = "Cont@ct.app"; sourceTree = BUILT_PRODUCTS_DIR; };
		66FF51B016F3C1D300F6F7EB /* UIKit.framework */ = {isa = PBXFileReference; lastKnownFileType = wrapper.framework; name = UIKit.framework; path = System/Library/Frameworks/UIKit.framework; sourceTree = SDKROOT; };
		66FF51B216F3C1D300F6F7EB /* Foundation.framework */ = {isa = PBXFileReference; lastKnownFileType = wrapper.framework; name = Foundation.framework; path = System/Library/Frameworks/Foundation.framework; sourceTree = SDKROOT; };
		66FF51B416F3C1D300F6F7EB /* CoreGraphics.framework */ = {isa = PBXFileReference; lastKnownFileType = wrapper.framework; name = CoreGraphics.framework; path = System/Library/Frameworks/CoreGraphics.framework; sourceTree = SDKROOT; };
		66FF51B816F3C1D300F6F7EB /* Cont@ct-Info.plist */ = {isa = PBXFileReference; lastKnownFileType = text.plist.xml; path = "Cont@ct-Info.plist"; sourceTree = "<group>"; };
		66FF51BA16F3C1D300F6F7EB /* en */ = {isa = PBXFileReference; lastKnownFileType = text.plist.strings; name = en; path = en.lproj/InfoPlist.strings; sourceTree = "<group>"; };
		66FF51BC16F3C1D300F6F7EB /* main.m */ = {isa = PBXFileReference; lastKnownFileType = sourcecode.c.objc; path = main.m; sourceTree = "<group>"; };
		66FF51BE16F3C1D300F6F7EB /* Cont@ct-Prefix.pch */ = {isa = PBXFileReference; lastKnownFileType = sourcecode.c.h; path = "Cont@ct-Prefix.pch"; sourceTree = "<group>"; };
		66FF51BF16F3C1D300F6F7EB /* AppDelegate.h */ = {isa = PBXFileReference; lastKnownFileType = sourcecode.c.h; path = AppDelegate.h; sourceTree = "<group>"; };
		66FF51C016F3C1D300F6F7EB /* AppDelegate.m */ = {isa = PBXFileReference; lastKnownFileType = sourcecode.c.objc; path = AppDelegate.m; sourceTree = "<group>"; };
		66FF51C216F3C1D300F6F7EB /* Default.png */ = {isa = PBXFileReference; lastKnownFileType = image.png; path = Default.png; sourceTree = "<group>"; };
		66FF51C416F3C1D300F6F7EB /* Default@2x.png */ = {isa = PBXFileReference; lastKnownFileType = image.png; path = "Default@2x.png"; sourceTree = "<group>"; };
		66FF51C616F3C1D300F6F7EB /* Default-568h@2x.png */ = {isa = PBXFileReference; lastKnownFileType = image.png; path = "Default-568h@2x.png"; sourceTree = "<group>"; };
		66FF51C916F3C1D300F6F7EB /* en */ = {isa = PBXFileReference; lastKnownFileType = file.storyboard; name = en; path = en.lproj/MainStoryboard.storyboard; sourceTree = "<group>"; };
		66FF51CB16F3C1D300F6F7EB /* MasterViewController.h */ = {isa = PBXFileReference; lastKnownFileType = sourcecode.c.h; path = MasterViewController.h; sourceTree = "<group>"; };
		66FF51CC16F3C1D300F6F7EB /* MasterViewController.m */ = {isa = PBXFileReference; lastKnownFileType = sourcecode.c.objc; path = MasterViewController.m; sourceTree = "<group>"; };
		66FF51CE16F3C1D300F6F7EB /* DetailViewController.h */ = {isa = PBXFileReference; lastKnownFileType = sourcecode.c.h; path = DetailViewController.h; sourceTree = "<group>"; };
		66FF51CF16F3C1D300F6F7EB /* DetailViewController.m */ = {isa = PBXFileReference; lastKnownFileType = sourcecode.c.objc; path = DetailViewController.m; sourceTree = "<group>"; };
/* End PBXFileReference section */

/* Begin PBXFrameworksBuildPhase section */
		66FF51A916F3C1D200F6F7EB /* Frameworks */ = {
			isa = PBXFrameworksBuildPhase;
			buildActionMask = 2147483647;
			files = (
				66FF51B116F3C1D300F6F7EB /* UIKit.framework in Frameworks */,
				66FF51B316F3C1D300F6F7EB /* Foundation.framework in Frameworks */,
				66FF51B516F3C1D300F6F7EB /* CoreGraphics.framework in Frameworks */,
			);
			runOnlyForDeploymentPostprocessing = 0;
		};
/* End PBXFrameworksBuildPhase section */

/* Begin PBXGroup section */
		66FF51A116F3C1D200F6F7EB = {
			isa = PBXGroup;
			children = (
				66FF51B616F3C1D300F6F7EB /* Cont@ct */,
				66FF51AF16F3C1D300F6F7EB /* Frameworks */,
				66FF51AD16F3C1D300F6F7EB /* Products */,
			);
			sourceTree = "<group>";
		};
		66FF51AD16F3C1D300F6F7EB /* Products */ = {
			isa = PBXGroup;
			children = (
				66FF51AC16F3C1D300F6F7EB /* Cont@ct.app */,
			);
			name = Products;
			sourceTree = "<group>";
		};
		66FF51AF16F3C1D300F6F7EB /* Frameworks */ = {
			isa = PBXGroup;
			children = (
				66FF51B016F3C1D300F6F7EB /* UIKit.framework */,
				66FF51B216F3C1D300F6F7EB /* Foundation.framework */,
				66FF51B416F3C1D300F6F7EB /* CoreGraphics.framework */,
			);
			name = Frameworks;
			sourceTree = "<group>";
		};
		66FF51B616F3C1D300F6F7EB /* Cont@ct */ = {
			isa = PBXGroup;
			children = (
				66FF51BF16F3C1D300F6F7EB /* AppDelegate.h */,
				66FF51C016F3C1D300F6F7EB /* AppDelegate.m */,
				66FF51C816F3C1D300F6F7EB /* MainStoryboard.storyboard */,
				66FF51CB16F3C1D300F6F7EB /* MasterViewController.h */,
				66FF51CC16F3C1D300F6F7EB /* MasterViewController.m */,
				66FF51CE16F3C1D300F6F7EB /* DetailViewController.h */,
				66FF51CF16F3C1D300F6F7EB /* DetailViewController.m */,
				66FF51B716F3C1D300F6F7EB /* Supporting Files */,
			);
			path = "Cont@ct";
			sourceTree = "<group>";
		};
		66FF51B716F3C1D300F6F7EB /* Supporting Files */ = {
			isa = PBXGroup;
			children = (
				66FF51B816F3C1D300F6F7EB /* Cont@ct-Info.plist */,
				66FF51B916F3C1D300F6F7EB /* InfoPlist.strings */,
				66FF51BC16F3C1D300F6F7EB /* main.m */,
				66FF51BE16F3C1D300F6F7EB /* Cont@ct-Prefix.pch */,
				66FF51C216F3C1D300F6F7EB /* Default.png */,
				66FF51C416F3C1D300F6F7EB /* Default@2x.png */,
				66FF51C616F3C1D300F6F7EB /* Default-568h@2x.png */,
			);
			name = "Supporting Files";
			sourceTree = "<group>";
		};
/* End PBXGroup section */

/* Begin PBXNativeTarget section */
		66FF51AB16F3C1D200F6F7EB /* Cont@ct */ = {
			isa = PBXNativeTarget;
			buildConfigurationList = 66FF51D316F3C1D300F6F7EB /* Build configuration list for PBXNativeTarget "Cont@ct" */;
			buildPhases = (
				66FF51A816F3C1D200F6F7EB /* Sources */,
				66FF51A916F3C1D200F6F7EB /* Frameworks */,
				66FF51AA16F3C1D200F6F7EB /* Resources */,
			);
			buildRules = (
			);
			dependencies = (
			);
			name = "Cont@ct";
			productName = "Cont@ct";
			productReference = 66FF51AC16F3C1D300F6F7EB /* Cont@ct.app */;
			productType = "com.apple.product-type.application";
		};
/* End PBXNativeTarget section */

/* Begin PBXProject section */
		66FF51A316F3C1D200F6F7EB /* Project object */ = {
			isa = PBXProject;
			attributes = {
				LastUpgradeCheck = 0450;
				ORGANIZATIONNAME = "Daniel Judd";
			};
			buildConfigurationList = 66FF51A616F3C1D200F6F7EB /* Build configuration list for PBXProject "Cont@ct" */;
			compatibilityVersion = "Xcode 3.2";
			developmentRegion = English;
			hasScannedForEncodings = 0;
			knownRegions = (
				en,
			);
			mainGroup = 66FF51A116F3C1D200F6F7EB;
			productRefGroup = 66FF51AD16F3C1D300F6F7EB /* Products */;
			projectDirPath = "";
			projectRoot = "";
			targets = (
				66FF51AB16F3C1D200F6F7EB /* Cont@ct */,
			);
		};
/* End PBXProject section */

/* Begin PBXResourcesBuildPhase section */
		66FF51AA16F3C1D200F6F7EB /* Resources */ = {
			isa = PBXResourcesBuildPhase;
			buildActionMask = 2147483647;
			files = (
				66FF51BB16F3C1D300F6F7EB /* InfoPlist.strings in Resources */,
				66FF51C316F3C1D300F6F7EB /* Default.png in Resources */,
				66FF51C516F3C1D300F6F7EB /* Default@2x.png in Resources */,
				66FF51C716F3C1D300F6F7EB /* Default-568h@2x.png in Resources */,
				66FF51CA16F3C1D300F6F7EB /* MainStoryboard.storyboard in Resources */,
			);
			runOnlyForDeploymentPostprocessing = 0;
		};
/* End PBXResourcesBuildPhase section */

/* Begin PBXSourcesBuildPhase section */
		66FF51A816F3C1D200F6F7EB /* Sources */ = {
			isa = PBXSourcesBuildPhase;
			buildActionMask = 2147483647;
			files = (
				66FF51BD16F3C1D300F6F7EB /* main.m in Sources */,
				66FF51C116F3C1D300F6F7EB /* AppDelegate.m in Sources */,
				66FF51CD16F3C1D300F6F7EB /* MasterViewController.m in Sources */,
				66FF51D016F3C1D300F6F7EB /* DetailViewController.m in Sources */,
			);
			runOnlyForDeploymentPostprocessing = 0;
		};
/* End PBXSourcesBuildPhase section */

/* Begin PBXVariantGroup section */
		66FF51B916F3C1D300F6F7EB /* InfoPlist.strings */ = {
			isa = PBXVariantGroup;
			children = (
				66FF51BA16F3C1D300F6F7EB /* en */,
			);
			name = InfoPlist.strings;
			sourceTree = "<group>";
		};
		66FF51C816F3C1D300F6F7EB /* MainStoryboard.storyboard */ = {
			isa = PBXVariantGroup;
			children = (
				66FF51C916F3C1D300F6F7EB /* en */,
			);
			name = MainStoryboard.storyboard;
			sourceTree = "<group>";
		};
/* End PBXVariantGroup section */

/* Begin XCBuildConfiguration section */
		66FF51D116F3C1D300F6F7EB /* Debug */ = {
			isa = XCBuildConfiguration;
			buildSettings = {
				ALWAYS_SEARCH_USER_PATHS = NO;
				CLANG_CXX_LANGUAGE_STANDARD = "gnu++0x";
				CLANG_CXX_LIBRARY = "libc++";
				CLANG_ENABLE_OBJC_ARC = YES;
				CLANG_WARN_EMPTY_BODY = YES;
				CLANG_WARN__DUPLICATE_METHOD_MATCH = YES;
				"CODE_SIGN_IDENTITY[sdk=iphoneos*]" = "iPhone Developer";
				COPY_PHASE_STRIP = NO;
				GCC_C_LANGUAGE_STANDARD = gnu99;
				GCC_DYNAMIC_NO_PIC = NO;
				GCC_OPTIMIZATION_LEVEL = 0;
				GCC_PREPROCESSOR_DEFINITIONS = (
					"DEBUG=1",
					"$(inherited)",
				);
				GCC_SYMBOLS_PRIVATE_EXTERN = NO;
				GCC_WARN_ABOUT_RETURN_TYPE = YES;
				GCC_WARN_UNINITIALIZED_AUTOS = YES;
				GCC_WARN_UNUSED_VARIABLE = YES;
				IPHONEOS_DEPLOYMENT_TARGET = 6.0;
				ONLY_ACTIVE_ARCH = YES;
				SDKROOT = iphoneos;
			};
			name = Debug;
		};
		66FF51D216F3C1D300F6F7EB /* Release */ = {
			isa = XCBuildConfiguration;
			buildSettings = {
				ALWAYS_SEARCH_USER_PATHS = NO;
				CLANG_CXX_LANGUAGE_STANDARD = "gnu++0x";
				CLANG_CXX_LIBRARY = "libc++";
				CLANG_ENABLE_OBJC_ARC = YES;
				CLANG_WARN_EMPTY_BODY = YES;
				CLANG_WARN__DUPLICATE_METHOD_MATCH = YES;
				"CODE_SIGN_IDENTITY[sdk=iphoneos*]" = "iPhone Developer";
				COPY_PHASE_STRIP = YES;
				GCC_C_LANGUAGE_STANDARD = gnu99;
				GCC_WARN_ABOUT_RETURN_TYPE = YES;
				GCC_WARN_UNINITIALIZED_AUTOS = YES;
				GCC_WARN_UNUSED_VARIABLE = YES;
				IPHONEOS_DEPLOYMENT_TARGET = 6.0;
				OTHER_CFLAGS = "-DNS_BLOCK_ASSERTIONS=1";
				SDKROOT = iphoneos;
				VALIDATE_PRODUCT = YES;
			};
			name = Release;
		};
		66FF51D416F3C1D300F6F7EB /* Debug */ = {
			isa = XCBuildConfiguration;
			buildSettings = {
				GCC_PRECOMPILE_PREFIX_HEADER = YES;
				GCC_PREFIX_HEADER = "Cont@ct/Cont@ct-Prefix.pch";
				INFOPLIST_FILE = "Cont@ct/Cont@ct-Info.plist";
				PRODUCT_NAME = "$(TARGET_NAME)";
				WRAPPER_EXTENSION = app;
			};
			name = Debug;
		};
		66FF51D516F3C1D300F6F7EB /* Release */ = {
			isa = XCBuildConfiguration;
			buildSettings = {
				GCC_PRECOMPILE_PREFIX_HEADER = YES;
				GCC_PREFIX_HEADER = "Cont@ct/Cont@ct-Prefix.pch";
				INFOPLIST_FILE = "Cont@ct/Cont@ct-Info.plist";
				PRODUCT_NAME = "$(TARGET_NAME)";
				WRAPPER_EXTENSION = app;
			};
			name = Release;
		};
/* End XCBuildConfiguration section */

/* Begin XCConfigurationList section */
		66FF51A616F3C1D200F6F7EB /* Build configuration list for PBXProject "Cont@ct" */ = {
			isa = XCConfigurationList;
			buildConfigurations = (
				66FF51D116F3C1D300F6F7EB /* Debug */,
				66FF51D216F3C1D300F6F7EB /* Release */,
			);
			defaultConfigurationIsVisible = 0;
			defaultConfigurationName = Release;
		};
		66FF51D316F3C1D300F6F7EB /* Build configuration list for PBXNativeTarget "Cont@ct" */ = {
			isa = XCConfigurationList;
			buildConfigurations = (
				66FF51D416F3C1D300F6F7EB /* Debug */,
				66FF51D516F3C1D300F6F7EB /* Release */,
			);
			defaultConfigurationIsVisible = 0;
		};
/* End XCConfigurationList section */
	};
	rootObject = 66FF51A316F3C1D200F6F7EB /* Project object */;
}
